
Microsoft Visual Studio Solution File, Format Version 12.00
# Visual Studio Version 16
VisualStudioVersion = 16.0.31911.196
MinimumVisualStudioVersion = 10.0.40219.1
Project("{FAE04EC0-301F-11D3-BF4B-00C04F79EFBC}") = "AerolineaGrupo4", "AerolineaGrupo4.csproj", "{523CCC59-8D78-4F6A-8CEC-A7E55BE3C090}"
EndProject
Global
	GlobalSection(SolutionConfigurationPlatforms) = preSolution
		Debug|Any CPU = Debug|Any CPU
		Release|Any CPU = Release|Any CPU
	EndGlobalSection
	GlobalSection(ProjectConfigurationPlatforms) = postSolution
		{523CCC59-8D78-4F6A-8CEC-A7E55BE3C090}.Debug|Any CPU.ActiveCfg = Debug|Any CPU
		{523CCC59-8D78-4F6A-8CEC-A7E55BE3C090}.Debug|Any CPU.Build.0 = Debug|Any CPU
		{523CCC59-8D78-4F6A-8CEC-A7E55BE3C090}.Release|Any CPU.ActiveCfg = Release|Any CPU
		{523CCC59-8D78-4F6A-8CEC-A7E55BE3C090}.Release|Any CPU.Build.0 = Release|Any CPU
	EndGlobalSection
	GlobalSection(SolutionProperties) = preSolution
		HideSolutionNode = FALSE
	EndGlobalSection
	GlobalSection(ExtensibilityGlobals) = postSolution
		SolutionGuid = {A404E9B5-9CCA-4D8F-BE2D-5C78A6716BDE}
	EndGlobalSection
EndGlobal
